
Microsoft Visual Studio Solution File, Format Version 12.00
# Visual Studio Version 17
VisualStudioVersion = 17.1.32328.378
MinimumVisualStudioVersion = 10.0.40219.1
Project("{9A19103F-16F7-4668-BE54-9A1E7A4F7556}") = "DataCollector.Services", "DataCollector.Services\DataCollector.Services.csproj", "{A3365D0D-6E93-4D2A-A96D-743536AEE717}"
EndProject
Project("{9A19103F-16F7-4668-BE54-9A1E7A4F7556}") = "DataCollector.Console", "DataCollector.Console\DataCollector.Console.csproj", "{C1543F88-BB7B-4D58-9F0B-E2B3045A77F4}"
EndProject
Global
	GlobalSection(SolutionConfigurationPlatforms) = preSolution
		Debug|Any CPU = Debug|Any CPU
		Release|Any CPU = Release|Any CPU
	EndGlobalSection
	GlobalSection(ProjectConfigurationPlatforms) = postSolution
		{A3365D0D-6E93-4D2A-A96D-743536AEE717}.Debug|Any CPU.ActiveCfg = Debug|Any CPU
		{A3365D0D-6E93-4D2A-A96D-743536AEE717}.Debug|Any CPU.Build.0 = Debug|Any CPU
		{A3365D0D-6E93-4D2A-A96D-743536AEE717}.Release|Any CPU.ActiveCfg = Release|Any CPU
		{A3365D0D-6E93-4D2A-A96D-743536AEE717}.Release|Any CPU.Build.0 = Release|Any CPU
		{C1543F88-BB7B-4D58-9F0B-E2B3045A77F4}.Debug|Any CPU.ActiveCfg = Debug|Any CPU
		{C1543F88-BB7B-4D58-9F0B-E2B3045A77F4}.Debug|Any CPU.Build.0 = Debug|Any CPU
		{C1543F88-BB7B-4D58-9F0B-E2B3045A77F4}.Release|Any CPU.ActiveCfg = Release|Any CPU
		{C1543F88-BB7B-4D58-9F0B-E2B3045A77F4}.Release|Any CPU.Build.0 = Release|Any CPU
	EndGlobalSection
	GlobalSection(SolutionProperties) = preSolution
		HideSolutionNode = FALSE
	EndGlobalSection
	GlobalSection(ExtensibilityGlobals) = postSolution
		SolutionGuid = {9041CE28-EA14-4A57-B31C-1BCFE9233DF5}
	EndGlobalSection
EndGlobal
